
Microsoft Visual Studio Solution File, Format Version 12.00
# Visual Studio Version 17
VisualStudioVersion = 17.0.31903.59
MinimumVisualStudioVersion = 10.0.40219.1
Project("{2150E333-8FDC-42A3-9474-1A3956D46DE8}") = "src", "src", "{94025E6D-FD5E-4124-BCB5-28AF192AF0B1}"
EndProject
Project("{2150E333-8FDC-42A3-9474-1A3956D46DE8}") = "test", "test", "{79EB2CAA-59F3-400B-A7FD-679B6823E27B}"
EndProject
Project("{FAE04EC0-301F-11D3-BF4B-00C04F79EFBC}") = "Underground", "src\Underground\Underground.csproj", "{7AD1CE95-99D5-4F81-BFD7-6D6ABC1E075C}"
EndProject
Project("{2150E333-8FDC-42A3-9474-1A3956D46DE8}") = "example", "example", "{CDF860A1-72CE-4AB5-98E7-D69AF57A1A05}"
EndProject
Project("{FAE04EC0-301F-11D3-BF4B-00C04F79EFBC}") = "ConsoleApp", "example\ConsoleApp\ConsoleApp.csproj", "{63BB489D-6522-4E1C-94F0-DE8D9028CF4D}"
EndProject
Project("{FAE04EC0-301F-11D3-BF4B-00C04F79EFBC}") = "UndergroundTest", "test\UndergroundTest\UndergroundTest.csproj", "{8581A542-C1D9-4685-8DF2-E85F23B49939}"
EndProject
Global
	GlobalSection(SolutionConfigurationPlatforms) = preSolution
		Debug|Any CPU = Debug|Any CPU
		Release|Any CPU = Release|Any CPU
	EndGlobalSection
	GlobalSection(ProjectConfigurationPlatforms) = postSolution
		{7AD1CE95-99D5-4F81-BFD7-6D6ABC1E075C}.Debug|Any CPU.ActiveCfg = Debug|Any CPU
		{7AD1CE95-99D5-4F81-BFD7-6D6ABC1E075C}.Debug|Any CPU.Build.0 = Debug|Any CPU
		{7AD1CE95-99D5-4F81-BFD7-6D6ABC1E075C}.Release|Any CPU.ActiveCfg = Release|Any CPU
		{7AD1CE95-99D5-4F81-BFD7-6D6ABC1E075C}.Release|Any CPU.Build.0 = Release|Any CPU
		{63BB489D-6522-4E1C-94F0-DE8D9028CF4D}.Debug|Any CPU.ActiveCfg = Debug|Any CPU
		{63BB489D-6522-4E1C-94F0-DE8D9028CF4D}.Debug|Any CPU.Build.0 = Debug|Any CPU
		{63BB489D-6522-4E1C-94F0-DE8D9028CF4D}.Release|Any CPU.ActiveCfg = Release|Any CPU
		{63BB489D-6522-4E1C-94F0-DE8D9028CF4D}.Release|Any CPU.Build.0 = Release|Any CPU
		{8581A542-C1D9-4685-8DF2-E85F23B49939}.Debug|Any CPU.ActiveCfg = Debug|Any CPU
		{8581A542-C1D9-4685-8DF2-E85F23B49939}.Debug|Any CPU.Build.0 = Debug|Any CPU
		{8581A542-C1D9-4685-8DF2-E85F23B49939}.Release|Any CPU.ActiveCfg = Release|Any CPU
		{8581A542-C1D9-4685-8DF2-E85F23B49939}.Release|Any CPU.Build.0 = Release|Any CPU
	EndGlobalSection
	GlobalSection(SolutionProperties) = preSolution
		HideSolutionNode = FALSE
	EndGlobalSection
	GlobalSection(NestedProjects) = preSolution
		{7AD1CE95-99D5-4F81-BFD7-6D6ABC1E075C} = {94025E6D-FD5E-4124-BCB5-28AF192AF0B1}
		{63BB489D-6522-4E1C-94F0-DE8D9028CF4D} = {CDF860A1-72CE-4AB5-98E7-D69AF57A1A05}
		{8581A542-C1D9-4685-8DF2-E85F23B49939} = {79EB2CAA-59F3-400B-A7FD-679B6823E27B}
	EndGlobalSection
EndGlobal
